
Microsoft Visual Studio Solution File, Format Version 12.00
# Visual Studio 15
VisualStudioVersion = 15.0.27428.2027
MinimumVisualStudioVersion = 10.0.40219.1
Project("{8BC9CEB8-8B4A-11D0-8D11-00A0C91BC942}") = "main_project", "main_project\main_project.vcxproj", "{05CD809A-FC6F-4AB4-8E5C-5ED54F0BC0FF}"
EndProject
Global
	GlobalSection(SolutionConfigurationPlatforms) = preSolution
		Debug|x64 = Debug|x64
		Debug|x86 = Debug|x86
		Release|x64 = Release|x64
		Release|x86 = Release|x86
	EndGlobalSection
	GlobalSection(ProjectConfigurationPlatforms) = postSolution
		{05CD809A-FC6F-4AB4-8E5C-5ED54F0BC0FF}.Debug|x64.ActiveCfg = Debug|x64
		{05CD809A-FC6F-4AB4-8E5C-5ED54F0BC0FF}.Debug|x64.Build.0 = Debug|x64
		{05CD809A-FC6F-4AB4-8E5C-5ED54F0BC0FF}.Debug|x86.ActiveCfg = Debug|Win32
		{05CD809A-FC6F-4AB4-8E5C-5ED54F0BC0FF}.Debug|x86.Build.0 = Debug|Win32
		{05CD809A-FC6F-4AB4-8E5C-5ED54F0BC0FF}.Release|x64.ActiveCfg = Release|x64
		{05CD809A-FC6F-4AB4-8E5C-5ED54F0BC0FF}.Release|x64.Build.0 = Release|x64
		{05CD809A-FC6F-4AB4-8E5C-5ED54F0BC0FF}.Release|x86.ActiveCfg = Release|Win32
		{05CD809A-FC6F-4AB4-8E5C-5ED54F0BC0FF}.Release|x86.Build.0 = Release|Win32
	EndGlobalSection
	GlobalSection(SolutionProperties) = preSolution
		HideSolutionNode = FALSE
	EndGlobalSection
	GlobalSection(ExtensibilityGlobals) = postSolution
		SolutionGuid = {BE292253-7A56-4BD2-9613-64A3446B0008}
	EndGlobalSection
EndGlobal
